PODS:
  - Alamofire (5.4.1)
  - SideMenu (6.5.0)
  - TextFieldEffects (1.6.0)

DEPENDENCIES:
  - Alamofire (~> 5.2)
  - SideMenu
  - TextFieldEffects

SPEC REPOS:
  trunk:
    - Alamofire
    - SideMenu
    - TextFieldEffects

SPEC CHECKSUMS:
  Alamofire: 2291f7d21ca607c491dd17642e5d40fdcda0e65c
  SideMenu: f583187d21c5b1dd04c72002be544b555a2627a2
  TextFieldEffects: 529b8aff706fb40f82c41c780c0777941a893796


PODFILE CHECKSUM: cc872409334ca82fa24cd31c38a37c5c23c83e1b

PODFILE CHECKSUM: 9bb20b2fc68f0f4777ae7d1aabefdebad18aa587


COCOAPODS: 1.10.0
